
Microsoft Visual Studio Solution File, Format Version 12.00
# Visual Studio Version 17
VisualStudioVersion = 17.0.31903.59
MinimumVisualStudioVersion = 10.0.40219.1
Project("{2150E333-8FDC-42A3-9474-1A3956D46DE8}") = "src", "src", "{827E0CD3-B72D-47B6-A68D-7590B98EB39B}"
EndProject
Project("{FAE04EC0-301F-11D3-BF4B-00C04F79EFBC}") = "Wfrp4.Shared", "src\Wfrp4.Shared\Wfrp4.Shared.csproj", "{ABAB2258-7C78-4DD8-9389-95E147358AE0}"
EndProject
Project("{FAE04EC0-301F-11D3-BF4B-00C04F79EFBC}") = "Wfrp4.Infrastructure", "src\Wfrp4.Infrastructure\Wfrp4.Infrastructure.csproj", "{CDCFB7E1-227F-4E77-A6AF-C056065CB296}"
EndProject
Project("{FAE04EC0-301F-11D3-BF4B-00C04F79EFBC}") = "Wfrp4.Server", "src\Wfrp4.Server\Wfrp4.Server.csproj", "{6C1EE36A-0D5E-4931-81D2-ABA2C71AD422}"
EndProject
Project("{FAE04EC0-301F-11D3-BF4B-00C04F79EFBC}") = "Wfrp4.Client", "src\Wfrp4.Client\Wfrp4.Client.csproj", "{C1ACA6D7-91E2-45F8-8677-B536CEC67591}"
EndProject
Project("{2150E333-8FDC-42A3-9474-1A3956D46DE8}") = "tools", "tools", "{07C2787E-EAC7-C090-1BA3-A61EC2A24D84}"
EndProject
Project("{FAE04EC0-301F-11D3-BF4B-00C04F79EFBC}") = "Wfrp4.Seed", "tools\Wfrp4.Seed\Wfrp4.Seed.csproj", "{3B519BDA-270E-4333-9D86-1CD76445A024}"
EndProject
Project("{2150E333-8FDC-42A3-9474-1A3956D46DE8}") = "tests", "tests", "{0AB3BF05-4346-4AA6-1389-037BE0695223}"
EndProject
Project("{FAE04EC0-301F-11D3-BF4B-00C04F79EFBC}") = "Wfrp4.Server.Tests", "tests\Wfrp4.Server.Tests\Wfrp4.Server.Tests.csproj", "{98AEBFD6-C41C-48A3-BAD0-82DFB8835B29}"
EndProject
Project("{FAE04EC0-301F-11D3-BF4B-00C04F79EFBC}") = "Wfrp4.Infrastructure.Tests", "tests\Wfrp4.Infrastructure.Tests\Wfrp4.Infrastructure.Tests.csproj", "{0F09657D-DA40-40C7-9DCF-AC5D7F1CC45F}"
EndProject
Global
	GlobalSection(SolutionConfigurationPlatforms) = preSolution
		Debug|Any CPU = Debug|Any CPU
		Debug|x64 = Debug|x64
		Debug|x86 = Debug|x86
		Release|Any CPU = Release|Any CPU
		Release|x64 = Release|x64
		Release|x86 = Release|x86
	EndGlobalSection
	GlobalSection(ProjectConfigurationPlatforms) = postSolution
		{ABAB2258-7C78-4DD8-9389-95E147358AE0}.Debug|Any CPU.ActiveCfg = Debug|Any CPU
		{ABAB2258-7C78-4DD8-9389-95E147358AE0}.Debug|Any CPU.Build.0 = Debug|Any CPU
		{ABAB2258-7C78-4DD8-9389-95E147358AE0}.Debug|x64.ActiveCfg = Debug|Any CPU
		{ABAB2258-7C78-4DD8-9389-95E147358AE0}.Debug|x64.Build.0 = Debug|Any CPU
		{ABAB2258-7C78-4DD8-9389-95E147358AE0}.Debug|x86.ActiveCfg = Debug|Any CPU
		{ABAB2258-7C78-4DD8-9389-95E147358AE0}.Debug|x86.Build.0 = Debug|Any CPU
		{ABAB2258-7C78-4DD8-9389-95E147358AE0}.Release|Any CPU.ActiveCfg = Release|Any CPU
		{ABAB2258-7C78-4DD8-9389-95E147358AE0}.Release|Any CPU.Build.0 = Release|Any CPU
		{ABAB2258-7C78-4DD8-9389-95E147358AE0}.Release|x64.ActiveCfg = Release|Any CPU
		{ABAB2258-7C78-4DD8-9389-95E147358AE0}.Release|x64.Build.0 = Release|Any CPU
		{ABAB2258-7C78-4DD8-9389-95E147358AE0}.Release|x86.ActiveCfg = Release|Any CPU
		{ABAB2258-7C78-4DD8-9389-95E147358AE0}.Release|x86.Build.0 = Release|Any CPU
		{CDCFB7E1-227F-4E77-A6AF-C056065CB296}.Debug|Any CPU.ActiveCfg = Debug|Any CPU
		{CDCFB7E1-227F-4E77-A6AF-C056065CB296}.Debug|Any CPU.Build.0 = Debug|Any CPU
		{CDCFB7E1-227F-4E77-A6AF-C056065CB296}.Debug|x64.ActiveCfg = Debug|Any CPU
		{CDCFB7E1-227F-4E77-A6AF-C056065CB296}.Debug|x64.Build.0 = Debug|Any CPU
		{CDCFB7E1-227F-4E77-A6AF-C056065CB296}.Debug|x86.ActiveCfg = Debug|Any CPU
		{CDCFB7E1-227F-4E77-A6AF-C056065CB296}.Debug|x86.Build.0 = Debug|Any CPU
		{CDCFB7E1-227F-4E77-A6AF-C056065CB296}.Release|Any CPU.ActiveCfg = Release|Any CPU
		{CDCFB7E1-227F-4E77-A6AF-C056065CB296}.Release|Any CPU.Build.0 = Release|Any CPU
		{CDCFB7E1-227F-4E77-A6AF-C056065CB296}.Release|x64.ActiveCfg = Release|Any CPU
		{CDCFB7E1-227F-4E77-A6AF-C056065CB296}.Release|x64.Build.0 = Release|Any CPU
		{CDCFB7E1-227F-4E77-A6AF-C056065CB296}.Release|x86.ActiveCfg = Release|Any CPU
		{CDCFB7E1-227F-4E77-A6AF-C056065CB296}.Release|x86.Build.0 = Release|Any CPU
		{6C1EE36A-0D5E-4931-81D2-ABA2C71AD422}.Debug|Any CPU.ActiveCfg = Debug|Any CPU
		{6C1EE36A-0D5E-4931-81D2-ABA2C71AD422}.Debug|Any CPU.Build.0 = Debug|Any CPU
		{6C1EE36A-0D5E-4931-81D2-ABA2C71AD422}.Debug|x64.ActiveCfg = Debug|Any CPU
		{6C1EE36A-0D5E-4931-81D2-ABA2C71AD422}.Debug|x64.Build.0 = Debug|Any CPU
		{6C1EE36A-0D5E-4931-81D2-ABA2C71AD422}.Debug|x86.ActiveCfg = Debug|Any CPU
		{6C1EE36A-0D5E-4931-81D2-ABA2C71AD422}.Debug|x86.Build.0 = Debug|Any CPU
		{6C1EE36A-0D5E-4931-81D2-ABA2C71AD422}.Release|Any CPU.ActiveCfg = Release|Any CPU
		{6C1EE36A-0D5E-4931-81D2-ABA2C71AD422}.Release|Any CPU.Build.0 = Release|Any CPU
		{6C1EE36A-0D5E-4931-81D2-ABA2C71AD422}.Release|x64.ActiveCfg = Release|Any CPU
		{6C1EE36A-0D5E-4931-81D2-ABA2C71AD422}.Release|x64.Build.0 = Release|Any CPU
		{6C1EE36A-0D5E-4931-81D2-ABA2C71AD422}.Release|x86.ActiveCfg = Release|Any CPU
		{6C1EE36A-0D5E-4931-81D2-ABA2C71AD422}.Release|x86.Build.0 = Release|Any CPU
		{C1ACA6D7-91E2-45F8-8677-B536CEC67591}.Debug|Any CPU.ActiveCfg = Debug|Any CPU
		{C1ACA6D7-91E2-45F8-8677-B536CEC67591}.Debug|Any CPU.Build.0 = Debug|Any CPU
		{C1ACA6D7-91E2-45F8-8677-B536CEC67591}.Debug|x64.ActiveCfg = Debug|Any CPU
		{C1ACA6D7-91E2-45F8-8677-B536CEC67591}.Debug|x64.Build.0 = Debug|Any CPU
		{C1ACA6D7-91E2-45F8-8677-B536CEC67591}.Debug|x86.ActiveCfg = Debug|Any CPU
		{C1ACA6D7-91E2-45F8-8677-B536CEC67591}.Debug|x86.Build.0 = Debug|Any CPU
		{C1ACA6D7-91E2-45F8-8677-B536CEC67591}.Release|Any CPU.ActiveCfg = Release|Any CPU
		{C1ACA6D7-91E2-45F8-8677-B536CEC67591}.Release|Any CPU.Build.0 = Release|Any CPU
		{C1ACA6D7-91E2-45F8-8677-B536CEC67591}.Release|x64.ActiveCfg = Release|Any CPU
		{C1ACA6D7-91E2-45F8-8677-B536CEC67591}.Release|x64.Build.0 = Release|Any CPU
		{C1ACA6D7-91E2-45F8-8677-B536CEC67591}.Release|x86.ActiveCfg = Release|Any CPU
		{C1ACA6D7-91E2-45F8-8677-B536CEC67591}.Release|x86.Build.0 = Release|Any CPU
		{3B519BDA-270E-4333-9D86-1CD76445A024}.Debug|Any CPU.ActiveCfg = Debug|Any CPU
		{3B519BDA-270E-4333-9D86-1CD76445A024}.Debug|Any CPU.Build.0 = Debug|Any CPU
		{3B519BDA-270E-4333-9D86-1CD76445A024}.Debug|x64.ActiveCfg = Debug|Any CPU
		{3B519BDA-270E-4333-9D86-1CD76445A024}.Debug|x64.Build.0 = Debug|Any CPU
		{3B519BDA-270E-4333-9D86-1CD76445A024}.Debug|x86.ActiveCfg = Debug|Any CPU
		{3B519BDA-270E-4333-9D86-1CD76445A024}.Debug|x86.Build.0 = Debug|Any CPU
		{3B519BDA-270E-4333-9D86-1CD76445A024}.Release|Any CPU.ActiveCfg = Release|Any CPU
		{3B519BDA-270E-4333-9D86-1CD76445A024}.Release|Any CPU.Build.0 = Release|Any CPU
		{3B519BDA-270E-4333-9D86-1CD76445A024}.Release|x64.ActiveCfg = Release|Any CPU
		{3B519BDA-270E-4333-9D86-1CD76445A024}.Release|x64.Build.0 = Release|Any CPU
		{3B519BDA-270E-4333-9D86-1CD76445A024}.Release|x86.ActiveCfg = Release|Any CPU
		{3B519BDA-270E-4333-9D86-1CD76445A024}.Release|x86.Build.0 = Release|Any CPU
		{98AEBFD6-C41C-48A3-BAD0-82DFB8835B29}.Debug|Any CPU.ActiveCfg = Debug|Any CPU
		{98AEBFD6-C41C-48A3-BAD0-82DFB8835B29}.Debug|Any CPU.Build.0 = Debug|Any CPU
		{98AEBFD6-C41C-48A3-BAD0-82DFB8835B29}.Debug|x64.ActiveCfg = Debug|Any CPU
		{98AEBFD6-C41C-48A3-BAD0-82DFB8835B29}.Debug|x64.Build.0 = Debug|Any CPU
		{98AEBFD6-C41C-48A3-BAD0-82DFB8835B29}.Debug|x86.ActiveCfg = Debug|Any CPU
		{98AEBFD6-C41C-48A3-BAD0-82DFB8835B29}.Debug|x86.Build.0 = Debug|Any CPU
		{98AEBFD6-C41C-48A3-BAD0-82DFB8835B29}.Release|Any CPU.ActiveCfg = Release|Any CPU
		{98AEBFD6-C41C-48A3-BAD0-82DFB8835B29}.Release|Any CPU.Build.0 = Release|Any CPU
		{98AEBFD6-C41C-48A3-BAD0-82DFB8835B29}.Release|x64.ActiveCfg = Release|Any CPU
		{98AEBFD6-C41C-48A3-BAD0-82DFB8835B29}.Release|x64.Build.0 = Release|Any CPU
		{98AEBFD6-C41C-48A3-BAD0-82DFB8835B29}.Release|x86.ActiveCfg = Release|Any CPU
		{98AEBFD6-C41C-48A3-BAD0-82DFB8835B29}.Release|x86.Build.0 = Release|Any CPU
		{0F09657D-DA40-40C7-9DCF-AC5D7F1CC45F}.Debug|Any CPU.ActiveCfg = Debug|Any CPU
		{0F09657D-DA40-40C7-9DCF-AC5D7F1CC45F}.Debug|Any CPU.Build.0 = Debug|Any CPU
		{0F09657D-DA40-40C7-9DCF-AC5D7F1CC45F}.Debug|x64.ActiveCfg = Debug|Any CPU
		{0F09657D-DA40-40C7-9DCF-AC5D7F1CC45F}.Debug|x64.Build.0 = Debug|Any CPU
		{0F09657D-DA40-40C7-9DCF-AC5D7F1CC45F}.Debug|x86.ActiveCfg = Debug|Any CPU
		{0F09657D-DA40-40C7-9DCF-AC5D7F1CC45F}.Debug|x86.Build.0 = Debug|Any CPU
		{0F09657D-DA40-40C7-9DCF-AC5D7F1CC45F}.Release|Any CPU.ActiveCfg = Release|Any CPU
		{0F09657D-DA40-40C7-9DCF-AC5D7F1CC45F}.Release|Any CPU.Build.0 = Release|Any CPU
		{0F09657D-DA40-40C7-9DCF-AC5D7F1CC45F}.Release|x64.ActiveCfg = Release|Any CPU
		{0F09657D-DA40-40C7-9DCF-AC5D7F1CC45F}.Release|x64.Build.0 = Release|Any CPU
		{0F09657D-DA40-40C7-9DCF-AC5D7F1CC45F}.Release|x86.ActiveCfg = Release|Any CPU
		{0F09657D-DA40-40C7-9DCF-AC5D7F1CC45F}.Release|x86.Build.0 = Release|Any CPU
	EndGlobalSection
	GlobalSection(SolutionProperties) = preSolution
		HideSolutionNode = FALSE
	EndGlobalSection
	GlobalSection(NestedProjects) = preSolution
		{ABAB2258-7C78-4DD8-9389-95E147358AE0} = {827E0CD3-B72D-47B6-A68D-7590B98EB39B}
		{CDCFB7E1-227F-4E77-A6AF-C056065CB296} = {827E0CD3-B72D-47B6-A68D-7590B98EB39B}
		{6C1EE36A-0D5E-4931-81D2-ABA2C71AD422} = {827E0CD3-B72D-47B6-A68D-7590B98EB39B}
		{C1ACA6D7-91E2-45F8-8677-B536CEC67591} = {827E0CD3-B72D-47B6-A68D-7590B98EB39B}
		{3B519BDA-270E-4333-9D86-1CD76445A024} = {07C2787E-EAC7-C090-1BA3-A61EC2A24D84}
		{98AEBFD6-C41C-48A3-BAD0-82DFB8835B29} = {0AB3BF05-4346-4AA6-1389-037BE0695223}
		{0F09657D-DA40-40C7-9DCF-AC5D7F1CC45F} = {0AB3BF05-4346-4AA6-1389-037BE0695223}
	EndGlobalSection
EndGlobal
